
Microsoft Visual Studio Solution File, Format Version 12.00
# Visual Studio Version 17
VisualStudioVersion = 17.7.34221.43
MinimumVisualStudioVersion = 10.0.40219.1
Project("{FAE04EC0-301F-11D3-BF4B-00C04F79EFBC}") = "clsRRDataHubMasterSchema", "clsRRDataHubMasterSchema\clsRRDataHubMasterSchema.csproj", "{07C2FD07-5011-454B-A07F-5011A300E18A}"
EndProject
Global
	GlobalSection(SolutionConfigurationPlatforms) = preSolution
		Debug|Any CPU = Debug|Any CPU
		Release|Any CPU = Release|Any CPU
	EndGlobalSection
	GlobalSection(ProjectConfigurationPlatforms) = postSolution
		{07C2FD07-5011-454B-A07F-5011A300E18A}.Debug|Any CPU.ActiveCfg = Debug|Any CPU
		{07C2FD07-5011-454B-A07F-5011A300E18A}.Debug|Any CPU.Build.0 = Debug|Any CPU
		{07C2FD07-5011-454B-A07F-5011A300E18A}.Release|Any CPU.ActiveCfg = Release|Any CPU
		{07C2FD07-5011-454B-A07F-5011A300E18A}.Release|Any CPU.Build.0 = Release|Any CPU
	EndGlobalSection
	GlobalSection(SolutionProperties) = preSolution
		HideSolutionNode = FALSE
	EndGlobalSection
	GlobalSection(ExtensibilityGlobals) = postSolution
		SolutionGuid = {1E326ACE-15A9-4864-A141-7DB8A9069D9E}
	EndGlobalSection
EndGlobal
